
Microsoft Visual Studio Solution File, Format Version 12.00
# Visual Studio Version 16
VisualStudioVersion = 16.0.30204.135
MinimumVisualStudioVersion = 10.0.40219.1
Project("{9A19103F-16F7-4668-BE54-9A1E7A4F7556}") = "ChatHub", "ChatHub\ChatHub.csproj", "{2CEE0384-A81D-4A69-9272-FB8B64B0E841}"
EndProject
Project("{FAE04EC0-301F-11D3-BF4B-00C04F79EFBC}") = "VideoSenderClientApp", "VideoSenderClientApp\VideoSenderClientApp.csproj", "{C75E76FE-81B0-44D8-95A6-F731A7A73C59}"
EndProject
Project("{FAE04EC0-301F-11D3-BF4B-00C04F79EFBC}") = "VideoReceiverClientApp", "VideoReceiverClientApp\VideoReceiverClientApp.csproj", "{B4098943-5853-4C10-A940-6B0948E2EB2D}"
EndProject
Global
	GlobalSection(SolutionConfigurationPlatforms) = preSolution
		Debug|Any CPU = Debug|Any CPU
		Debug|ARM = Debug|ARM
		Debug|ARM64 = Debug|ARM64
		Debug|x64 = Debug|x64
		Debug|x86 = Debug|x86
		Release|Any CPU = Release|Any CPU
		Release|ARM = Release|ARM
		Release|ARM64 = Release|ARM64
		Release|x64 = Release|x64
		Release|x86 = Release|x86
	EndGlobalSection
	GlobalSection(ProjectConfigurationPlatforms) = postSolution
		{2CEE0384-A81D-4A69-9272-FB8B64B0E841}.Debug|Any CPU.ActiveCfg = Debug|Any CPU
		{2CEE0384-A81D-4A69-9272-FB8B64B0E841}.Debug|Any CPU.Build.0 = Debug|Any CPU
		{2CEE0384-A81D-4A69-9272-FB8B64B0E841}.Debug|ARM.ActiveCfg = Debug|Any CPU
		{2CEE0384-A81D-4A69-9272-FB8B64B0E841}.Debug|ARM.Build.0 = Debug|Any CPU
		{2CEE0384-A81D-4A69-9272-FB8B64B0E841}.Debug|ARM64.ActiveCfg = Debug|Any CPU
		{2CEE0384-A81D-4A69-9272-FB8B64B0E841}.Debug|ARM64.Build.0 = Debug|Any CPU
		{2CEE0384-A81D-4A69-9272-FB8B64B0E841}.Debug|x64.ActiveCfg = Debug|Any CPU
		{2CEE0384-A81D-4A69-9272-FB8B64B0E841}.Debug|x64.Build.0 = Debug|Any CPU
		{2CEE0384-A81D-4A69-9272-FB8B64B0E841}.Debug|x86.ActiveCfg = Debug|Any CPU
		{2CEE0384-A81D-4A69-9272-FB8B64B0E841}.Debug|x86.Build.0 = Debug|Any CPU
		{2CEE0384-A81D-4A69-9272-FB8B64B0E841}.Release|Any CPU.ActiveCfg = Release|Any CPU
		{2CEE0384-A81D-4A69-9272-FB8B64B0E841}.Release|Any CPU.Build.0 = Release|Any CPU
		{2CEE0384-A81D-4A69-9272-FB8B64B0E841}.Release|ARM.ActiveCfg = Release|Any CPU
		{2CEE0384-A81D-4A69-9272-FB8B64B0E841}.Release|ARM.Build.0 = Release|Any CPU
		{2CEE0384-A81D-4A69-9272-FB8B64B0E841}.Release|ARM64.ActiveCfg = Release|Any CPU
		{2CEE0384-A81D-4A69-9272-FB8B64B0E841}.Release|ARM64.Build.0 = Release|Any CPU
		{2CEE0384-A81D-4A69-9272-FB8B64B0E841}.Release|x64.ActiveCfg = Release|Any CPU
		{2CEE0384-A81D-4A69-9272-FB8B64B0E841}.Release|x64.Build.0 = Release|Any CPU
		{2CEE0384-A81D-4A69-9272-FB8B64B0E841}.Release|x86.ActiveCfg = Release|Any CPU
		{2CEE0384-A81D-4A69-9272-FB8B64B0E841}.Release|x86.Build.0 = Release|Any CPU
		{C75E76FE-81B0-44D8-95A6-F731A7A73C59}.Debug|Any CPU.ActiveCfg = Debug|x86
		{C75E76FE-81B0-44D8-95A6-F731A7A73C59}.Debug|ARM.ActiveCfg = Debug|ARM
		{C75E76FE-81B0-44D8-95A6-F731A7A73C59}.Debug|ARM.Build.0 = Debug|ARM
		{C75E76FE-81B0-44D8-95A6-F731A7A73C59}.Debug|ARM.Deploy.0 = Debug|ARM
		{C75E76FE-81B0-44D8-95A6-F731A7A73C59}.Debug|ARM64.ActiveCfg = Debug|ARM64
		{C75E76FE-81B0-44D8-95A6-F731A7A73C59}.Debug|ARM64.Build.0 = Debug|ARM64
		{C75E76FE-81B0-44D8-95A6-F731A7A73C59}.Debug|ARM64.Deploy.0 = Debug|ARM64
		{C75E76FE-81B0-44D8-95A6-F731A7A73C59}.Debug|x64.ActiveCfg = Debug|x64
		{C75E76FE-81B0-44D8-95A6-F731A7A73C59}.Debug|x64.Build.0 = Debug|x64
		{C75E76FE-81B0-44D8-95A6-F731A7A73C59}.Debug|x64.Deploy.0 = Debug|x64
		{C75E76FE-81B0-44D8-95A6-F731A7A73C59}.Debug|x86.ActiveCfg = Debug|x86
		{C75E76FE-81B0-44D8-95A6-F731A7A73C59}.Debug|x86.Build.0 = Debug|x86
		{C75E76FE-81B0-44D8-95A6-F731A7A73C59}.Debug|x86.Deploy.0 = Debug|x86
		{C75E76FE-81B0-44D8-95A6-F731A7A73C59}.Release|Any CPU.ActiveCfg = Release|x86
		{C75E76FE-81B0-44D8-95A6-F731A7A73C59}.Release|ARM.ActiveCfg = Release|ARM
		{C75E76FE-81B0-44D8-95A6-F731A7A73C59}.Release|ARM.Build.0 = Release|ARM
		{C75E76FE-81B0-44D8-95A6-F731A7A73C59}.Release|ARM.Deploy.0 = Release|ARM
		{C75E76FE-81B0-44D8-95A6-F731A7A73C59}.Release|ARM64.ActiveCfg = Release|ARM64
		{C75E76FE-81B0-44D8-95A6-F731A7A73C59}.Release|ARM64.Build.0 = Release|ARM64
		{C75E76FE-81B0-44D8-95A6-F731A7A73C59}.Release|ARM64.Deploy.0 = Release|ARM64
		{C75E76FE-81B0-44D8-95A6-F731A7A73C59}.Release|x64.ActiveCfg = Release|x64
		{C75E76FE-81B0-44D8-95A6-F731A7A73C59}.Release|x64.Build.0 = Release|x64
		{C75E76FE-81B0-44D8-95A6-F731A7A73C59}.Release|x64.Deploy.0 = Release|x64
		{C75E76FE-81B0-44D8-95A6-F731A7A73C59}.Release|x86.ActiveCfg = Release|x86
		{C75E76FE-81B0-44D8-95A6-F731A7A73C59}.Release|x86.Build.0 = Release|x86
		{C75E76FE-81B0-44D8-95A6-F731A7A73C59}.Release|x86.Deploy.0 = Release|x86
		{B4098943-5853-4C10-A940-6B0948E2EB2D}.Debug|Any CPU.ActiveCfg = Debug|x86
		{B4098943-5853-4C10-A940-6B0948E2EB2D}.Debug|ARM.ActiveCfg = Debug|ARM
		{B4098943-5853-4C10-A940-6B0948E2EB2D}.Debug|ARM.Build.0 = Debug|ARM
		{B4098943-5853-4C10-A940-6B0948E2EB2D}.Debug|ARM.Deploy.0 = Debug|ARM
		{B4098943-5853-4C10-A940-6B0948E2EB2D}.Debug|ARM64.ActiveCfg = Debug|ARM64
		{B4098943-5853-4C10-A940-6B0948E2EB2D}.Debug|ARM64.Build.0 = Debug|ARM64
		{B4098943-5853-4C10-A940-6B0948E2EB2D}.Debug|ARM64.Deploy.0 = Debug|ARM64
		{B4098943-5853-4C10-A940-6B0948E2EB2D}.Debug|x64.ActiveCfg = Debug|x64
		{B4098943-5853-4C10-A940-6B0948E2EB2D}.Debug|x64.Build.0 = Debug|x64
		{B4098943-5853-4C10-A940-6B0948E2EB2D}.Debug|x64.Deploy.0 = Debug|x64
		{B4098943-5853-4C10-A940-6B0948E2EB2D}.Debug|x86.ActiveCfg = Debug|x86
		{B4098943-5853-4C10-A940-6B0948E2EB2D}.Debug|x86.Build.0 = Debug|x86
		{B4098943-5853-4C10-A940-6B0948E2EB2D}.Debug|x86.Deploy.0 = Debug|x86
		{B4098943-5853-4C10-A940-6B0948E2EB2D}.Release|Any CPU.ActiveCfg = Release|x86
		{B4098943-5853-4C10-A940-6B0948E2EB2D}.Release|ARM.ActiveCfg = Release|ARM
		{B4098943-5853-4C10-A940-6B0948E2EB2D}.Release|ARM.Build.0 = Release|ARM
		{B4098943-5853-4C10-A940-6B0948E2EB2D}.Release|ARM.Deploy.0 = Release|ARM
		{B4098943-5853-4C10-A940-6B0948E2EB2D}.Release|ARM64.ActiveCfg = Release|ARM64
		{B4098943-5853-4C10-A940-6B0948E2EB2D}.Release|ARM64.Build.0 = Release|ARM64
		{B4098943-5853-4C10-A940-6B0948E2EB2D}.Release|ARM64.Deploy.0 = Release|ARM64
		{B4098943-5853-4C10-A940-6B0948E2EB2D}.Release|x64.ActiveCfg = Release|x64
		{B4098943-5853-4C10-A940-6B0948E2EB2D}.Release|x64.Build.0 = Release|x64
		{B4098943-5853-4C10-A940-6B0948E2EB2D}.Release|x64.Deploy.0 = Release|x64
		{B4098943-5853-4C10-A940-6B0948E2EB2D}.Release|x86.ActiveCfg = Release|x86
		{B4098943-5853-4C10-A940-6B0948E2EB2D}.Release|x86.Build.0 = Release|x86
		{B4098943-5853-4C10-A940-6B0948E2EB2D}.Release|x86.Deploy.0 = Release|x86
	EndGlobalSection
	GlobalSection(SolutionProperties) = preSolution
		HideSolutionNode = FALSE
	EndGlobalSection
	GlobalSection(ExtensibilityGlobals) = postSolution
		SolutionGuid = {BA63EF3E-E603-4864-AA82-F0D9F0A448E5}
	EndGlobalSection
EndGlobal
